
Microsoft Visual Studio Solution File, Format Version 12.00
# Visual Studio Version 17
VisualStudioVersion = 17.2.32630.192
MinimumVisualStudioVersion = 10.0.40219.1
Project("{FAE04EC0-301F-11D3-BF4B-00C04F79EFBC}") = "CYOA-Martel", "CYOA-Martel.csproj", "{F155CD5D-D2F8-41BF-9C0E-AB60A436DF7D}"
EndProject
Global
	GlobalSection(SolutionConfigurationPlatforms) = preSolution
		Debug|Any CPU = Debug|Any CPU
		Release|Any CPU = Release|Any CPU
	EndGlobalSection
	GlobalSection(ProjectConfigurationPlatforms) = postSolution
		{F155CD5D-D2F8-41BF-9C0E-AB60A436DF7D}.Debug|Any CPU.ActiveCfg = Debug|Any CPU
		{F155CD5D-D2F8-41BF-9C0E-AB60A436DF7D}.Debug|Any CPU.Build.0 = Debug|Any CPU
		{F155CD5D-D2F8-41BF-9C0E-AB60A436DF7D}.Release|Any CPU.ActiveCfg = Release|Any CPU
		{F155CD5D-D2F8-41BF-9C0E-AB60A436DF7D}.Release|Any CPU.Build.0 = Release|Any CPU
	EndGlobalSection
	GlobalSection(SolutionProperties) = preSolution
		HideSolutionNode = FALSE
	EndGlobalSection
	GlobalSection(ExtensibilityGlobals) = postSolution
		SolutionGuid = {28DA3D7D-AD41-47D2-B83F-7ECB09E5274D}
	EndGlobalSection
EndGlobal
